# Generated by pub
# See https://dart.dev/tools/pub/glossary#lockfile
packages:
  git_based:
    dependency: "direct main"
    description:
      path: "packages/git_based"
      ref: stable
      resolved-ref: "0d8196e10a353ccf0aea108ef9f48f8d33959f3a"
      url: "https://github.com/AdamVe/dart_packages.git"
    source: git
    version: "1.0.0"
  lints:
    dependency: "direct dev"
    description:
      name: lints
      url: "https://pub.dartlang.org"
    source: hosted
    version: "1.0.1"
  local:
    dependency: "direct main"
    description:
      path: "packages/local"
      relative: true
    source: path
    version: "1.0.0"
sdks:
  dart: ">=2.16.0 <3.0.0"
