# Generated by pub
# See https://dart.dev/tools/pub/glossary#lockfile
packages:
  git_based:
    dependency: "direct main"
    description:
      path: "packages/git_based"
      ref: "60af6ee"
      resolved-ref: "60af6ee4cb1a2cce5f1cabde21dce41bc461b1db"
      url: "https://github.com/AdamVe/dart_packages.git"
    source: git
    version: "1.0.0"
  lints:
    dependency: "direct dev"
    description:
      name: lints
      url: "https://pub.dartlang.org"
    source: hosted
    version: "2.0.0"
  local:
    dependency: "direct main"
    description:
      path: "packages/local"
      relative: true
    source: path
    version: "1.0.0"
sdks:
  dart: ">=2.17.0-266.1.beta <3.0.0"
