# Generated by pub
# See https://dart.dev/tools/pub/glossary#lockfile
packages:
  git_based:
    dependency: "direct main"
    description:
      path: "packages/git_based"
      ref: dev
      resolved-ref: "97837adac447b96d1c0a34f173239cd25593ca3c"
      url: "https://github.com/AdamVe/dart_packages.git"
    source: git
    version: "1.0.0"
  lints:
    dependency: "direct dev"
    description:
      name: lints
      url: "https://pub.dartlang.org"
    source: hosted
    version: "1.0.1"
  local:
    dependency: "direct main"
    description:
      path: "packages/local"
      relative: true
    source: path
    version: "1.0.0"
sdks:
  dart: ">=2.18.0-0.0.dev <3.0.0"
